
Microsoft Visual Studio Solution File, Format Version 12.00
# Visual Studio 2013
VisualStudioVersion = 12.0.21005.1
MinimumVisualStudioVersion = 10.0.40219.1
Project("{8BC9CEB8-8B4A-11D0-8D11-00A0C91BC942}") = "QuickSort", "QuickSort\QuickSort.vcxproj", "{6FC746DF-9B21-4C86-9C60-6B9621A832BC}"
EndProject
Global
	GlobalSection(SolutionConfigurationPlatforms) = preSolution
		Debug|Win32 = Debug|Win32
		Release|Win32 = Release|Win32
	EndGlobalSection
	GlobalSection(ProjectConfigurationPlatforms) = postSolution
		{6FC746DF-9B21-4C86-9C60-6B9621A832BC}.Debug|Win32.ActiveCfg = Debug|Win32
		{6FC746DF-9B21-4C86-9C60-6B9621A832BC}.Debug|Win32.Build.0 = Debug|Win32
		{6FC746DF-9B21-4C86-9C60-6B9621A832BC}.Release|Win32.ActiveCfg = Release|Win32
		{6FC746DF-9B21-4C86-9C60-6B9621A832BC}.Release|Win32.Build.0 = Release|Win32
	EndGlobalSection
	GlobalSection(SolutionProperties) = preSolution
		HideSolutionNode = FALSE
	EndGlobalSection
EndGlobal
